Microsoft Visual Studio Solution File, Format Version 12.00
# Visual Studio Version 17
VisualStudioVersion = 17.5.2.0
MinimumVisualStudioVersion = 10.0.40219.1
Project("{FAE04EC0-301F-11D3-BF4B-00C04F79EFBC}") = "areageo", "areageo.csproj", "{381CA26D-E049-B9FA-DE09-516413C102AD}"
EndProject
Global
	GlobalSection(SolutionConfigurationPlatforms) = preSolution
		Debug|Any CPU = Debug|Any CPU
		Release|Any CPU = Release|Any CPU
	EndGlobalSection
	GlobalSection(ProjectConfigurationPlatforms) = postSolution
		{381CA26D-E049-B9FA-DE09-516413C102AD}.Debug|Any CPU.ActiveCfg = Debug|Any CPU
		{381CA26D-E049-B9FA-DE09-516413C102AD}.Debug|Any CPU.Build.0 = Debug|Any CPU
		{381CA26D-E049-B9FA-DE09-516413C102AD}.Release|Any CPU.ActiveCfg = Release|Any CPU
		{381CA26D-E049-B9FA-DE09-516413C102AD}.Release|Any CPU.Build.0 = Release|Any CPU
	EndGlobalSection
	GlobalSection(SolutionProperties) = preSolution
		HideSolutionNode = FALSE
	EndGlobalSection
	GlobalSection(ExtensibilityGlobals) = postSolution
		SolutionGuid = {3220B5AA-5F04-4EB3-BE0F-2B72206C5B0D}
	EndGlobalSection
EndGlobal
