Microsoft Visual Studio Solution File, Format Version 12.00
# Visual Studio Version 17
VisualStudioVersion = 17.5.2.0
MinimumVisualStudioVersion = 10.0.40219.1
Project("{FAE04EC0-301F-11D3-BF4B-00C04F79EFBC}") = "media", "media.csproj", "{BBFC6017-F7CD-2059-6E0F-903901D85C69}"
EndProject
Global
	GlobalSection(SolutionConfigurationPlatforms) = preSolution
		Debug|Any CPU = Debug|Any CPU
		Release|Any CPU = Release|Any CPU
	EndGlobalSection
	GlobalSection(ProjectConfigurationPlatforms) = postSolution
		{BBFC6017-F7CD-2059-6E0F-903901D85C69}.Debug|Any CPU.ActiveCfg = Debug|Any CPU
		{BBFC6017-F7CD-2059-6E0F-903901D85C69}.Debug|Any CPU.Build.0 = Debug|Any CPU
		{BBFC6017-F7CD-2059-6E0F-903901D85C69}.Release|Any CPU.ActiveCfg = Release|Any CPU
		{BBFC6017-F7CD-2059-6E0F-903901D85C69}.Release|Any CPU.Build.0 = Release|Any CPU
	EndGlobalSection
	GlobalSection(SolutionProperties) = preSolution
		HideSolutionNode = FALSE
	EndGlobalSection
	GlobalSection(ExtensibilityGlobals) = postSolution
		SolutionGuid = {6C6DAEE7-E805-4F7F-9172-4A92D0F44070}
	EndGlobalSection
EndGlobal
