Microsoft Visual Studio Solution File, Format Version 12.00
# Visual Studio Version 17
VisualStudioVersion = 17.5.2.0
MinimumVisualStudioVersion = 10.0.40219.1
Project("{FAE04EC0-301F-11D3-BF4B-00C04F79EFBC}") = "invert", "invert.csproj", "{527E47CF-1C29-653B-0ABD-DD013992AAEF}"
EndProject
Global
	GlobalSection(SolutionConfigurationPlatforms) = preSolution
		Debug|Any CPU = Debug|Any CPU
		Release|Any CPU = Release|Any CPU
	EndGlobalSection
	GlobalSection(ProjectConfigurationPlatforms) = postSolution
		{527E47CF-1C29-653B-0ABD-DD013992AAEF}.Debug|Any CPU.ActiveCfg = Debug|Any CPU
		{527E47CF-1C29-653B-0ABD-DD013992AAEF}.Debug|Any CPU.Build.0 = Debug|Any CPU
		{527E47CF-1C29-653B-0ABD-DD013992AAEF}.Release|Any CPU.ActiveCfg = Release|Any CPU
		{527E47CF-1C29-653B-0ABD-DD013992AAEF}.Release|Any CPU.Build.0 = Release|Any CPU
	EndGlobalSection
	GlobalSection(SolutionProperties) = preSolution
		HideSolutionNode = FALSE
	EndGlobalSection
	GlobalSection(ExtensibilityGlobals) = postSolution
		SolutionGuid = {AAF74543-AEB6-4C28-96C7-7BC03C6AC75D}
	EndGlobalSection
EndGlobal
